{
  "object": {
    "pins": [
      {
        "package": "Fstore",
        "repositoryURL": "https://git.aurora.aur/genya/fstore-swift.git",
        "state": {
          "branch": "main",
          "revision": "0fab5c32ec6343a1476dd8c67266571afc14b23d",
          "version": null
        }
      },
      {
        "package": "Zipline",
        "repositoryURL": "https://git.aurora.aur/genya/zipline-swift.git",
        "state": {
          "branch": "main",
          "revision": "25f8bce8649d96ffe6499b854f1fb1ae789b26bf",
          "version": null
        }
      }
    ]
  },
  "version": 1
}
