{
  "originHash" : "a971258baaf5fe17b452ad92a2c4b371e69de9fc4ca4fa323d3237c4e16b9d4f",
  "pins" : [
    {
      "identity" : "swift-http",
      "kind" : "remoteSourceControl",
      "location" : "https://git.aurora.aur/genya/swift-http",
      "state" : {
        "revision" : "4adea350c4389f3d8c76dc75962a22802129dd4c",
        "version" : "0.2.0"
      }
    }
  ],
  "version" : 3
}
