{
  "pins" : [
    {
      "identity" : "fstore-swift",
      "kind" : "remoteSourceControl",
      "location" : "https://git.aurora.aur/genya/fstore-swift",
      "state" : {
        "branch" : "main",
        "revision" : "640e10194264e51e062c3653f2ed8dbf3459f03b"
      }
    },
    {
      "identity" : "swift-http",
      "kind" : "remoteSourceControl",
      "location" : "https://git.aurora.aur/genya/swift-http",
      "state" : {
        "branch" : "main",
        "revision" : "fde1ccf2f3635994a22fb5b9f12d157def661048"
      }
    }
  ],
  "version" : 2
}
